
Microsoft Visual Studio Solution File, Format Version 12.00
# Visual Studio Version 17
VisualStudioVersion = 17.11.35303.130
MinimumVisualStudioVersion = 10.0.40219.1
Project("{9A19103F-16F7-4668-BE54-9A1E7A4F7556}") = "HALLDotNetCore.ConsoleApp", "HALLDotNetCore.ConsoleApp\HALLDotNetCore.ConsoleApp.csproj", "{3A9D7D40-E23E-49CD-9DF4-4E6719B6DCEC}"
EndProject
Project("{2150E333-8FDC-42A3-9474-1A3956D46DE8}") = "Documents", "Documents", "{BCE87533-D6AE-481A-A9EE-3EBD43108AF0}"
	ProjectSection(SolutionItems) = preProject
		README.md = README.md
	EndProjectSection
EndProject
Project("{9A19103F-16F7-4668-BE54-9A1E7A4F7556}") = "DotNetTrainingBatch5.Database", "DotNetTrainingBatch5.Database\DotNetTrainingBatch5.Database.csproj", "{E5E281FA-FC03-4D8F-9387-0050B96E92A5}"
EndProject
Project("{9A19103F-16F7-4668-BE54-9A1E7A4F7556}") = "DotNetTrainingBatch5.RestApi", "DotNetTrainingBatch5.RestApi\DotNetTrainingBatch5.RestApi.csproj", "{F2457FB9-EAE4-4AE2-918F-C1052BD71C4E}"
EndProject
Project("{9A19103F-16F7-4668-BE54-9A1E7A4F7556}") = "DotNetTrainingBatch5.ConsoleApp2", "DotNetTrainingBatch5.ConsoleApp2\DotNetTrainingBatch5.ConsoleApp2.csproj", "{6F7047FC-9C08-4019-9E63-2B19678FA319}"
EndProject
Project("{9A19103F-16F7-4668-BE54-9A1E7A4F7556}") = "DotNetTrainingBatch5.Shared", "DotNetTrainingBatch5.Shared\DotNetTrainingBatch5.Shared.csproj", "{5B968085-ACE5-459F-9451-B03E1FA846A3}"
EndProject
Project("{FAE04EC0-301F-11D3-BF4B-00C04F79EFBC}") = "DotNetTrainingBatch5.MinimalApi", "DotNetTrainingBatch5.MinimalApi\DotNetTrainingBatch5.MinimalApi.csproj", "{201224CE-16CD-489E-87B7-E7253F0E1E3A}"
EndProject
Project("{FAE04EC0-301F-11D3-BF4B-00C04F79EFBC}") = "DotNetTrainingBatch5.BirdMinimalApi", "DotNetTrainingBatch5.BirdMinimalApi\DotNetTrainingBatch5.BirdMinimalApi.csproj", "{EE7CA59D-0A46-4E08-B4FC-297821046B42}"
EndProject
Project("{FAE04EC0-301F-11D3-BF4B-00C04F79EFBC}") = "DotNetTrainingBatch5.DreamDictionaryMinimalApi", "DotNetTrainingBatch5.DreamDictionaryMinimalApi\DotNetTrainingBatch5.DreamDictionaryMinimalApi.csproj", "{DE247FBB-A056-4EFA-B35D-2E2D39CC6E10}"
EndProject
Global
	GlobalSection(SolutionConfigurationPlatforms) = preSolution
		Debug|Any CPU = Debug|Any CPU
		Release|Any CPU = Release|Any CPU
	EndGlobalSection
	GlobalSection(ProjectConfigurationPlatforms) = postSolution
		{3A9D7D40-E23E-49CD-9DF4-4E6719B6DCEC}.Debug|Any CPU.ActiveCfg = Debug|Any CPU
		{3A9D7D40-E23E-49CD-9DF4-4E6719B6DCEC}.Debug|Any CPU.Build.0 = Debug|Any CPU
		{3A9D7D40-E23E-49CD-9DF4-4E6719B6DCEC}.Release|Any CPU.ActiveCfg = Release|Any CPU
		{3A9D7D40-E23E-49CD-9DF4-4E6719B6DCEC}.Release|Any CPU.Build.0 = Release|Any CPU
		{E5E281FA-FC03-4D8F-9387-0050B96E92A5}.Debug|Any CPU.ActiveCfg = Debug|Any CPU
		{E5E281FA-FC03-4D8F-9387-0050B96E92A5}.Debug|Any CPU.Build.0 = Debug|Any CPU
		{E5E281FA-FC03-4D8F-9387-0050B96E92A5}.Release|Any CPU.ActiveCfg = Release|Any CPU
		{E5E281FA-FC03-4D8F-9387-0050B96E92A5}.Release|Any CPU.Build.0 = Release|Any CPU
		{F2457FB9-EAE4-4AE2-918F-C1052BD71C4E}.Debug|Any CPU.ActiveCfg = Debug|Any CPU
		{F2457FB9-EAE4-4AE2-918F-C1052BD71C4E}.Debug|Any CPU.Build.0 = Debug|Any CPU
		{F2457FB9-EAE4-4AE2-918F-C1052BD71C4E}.Release|Any CPU.ActiveCfg = Release|Any CPU
		{F2457FB9-EAE4-4AE2-918F-C1052BD71C4E}.Release|Any CPU.Build.0 = Release|Any CPU
		{6F7047FC-9C08-4019-9E63-2B19678FA319}.Debug|Any CPU.ActiveCfg = Debug|Any CPU
		{6F7047FC-9C08-4019-9E63-2B19678FA319}.Debug|Any CPU.Build.0 = Debug|Any CPU
		{6F7047FC-9C08-4019-9E63-2B19678FA319}.Release|Any CPU.ActiveCfg = Release|Any CPU
		{6F7047FC-9C08-4019-9E63-2B19678FA319}.Release|Any CPU.Build.0 = Release|Any CPU
		{5B968085-ACE5-459F-9451-B03E1FA846A3}.Debug|Any CPU.ActiveCfg = Debug|Any CPU
		{5B968085-ACE5-459F-9451-B03E1FA846A3}.Debug|Any CPU.Build.0 = Debug|Any CPU
		{5B968085-ACE5-459F-9451-B03E1FA846A3}.Release|Any CPU.ActiveCfg = Release|Any CPU
		{5B968085-ACE5-459F-9451-B03E1FA846A3}.Release|Any CPU.Build.0 = Release|Any CPU
		{201224CE-16CD-489E-87B7-E7253F0E1E3A}.Debug|Any CPU.ActiveCfg = Debug|Any CPU
		{201224CE-16CD-489E-87B7-E7253F0E1E3A}.Debug|Any CPU.Build.0 = Debug|Any CPU
		{201224CE-16CD-489E-87B7-E7253F0E1E3A}.Release|Any CPU.ActiveCfg = Release|Any CPU
		{201224CE-16CD-489E-87B7-E7253F0E1E3A}.Release|Any CPU.Build.0 = Release|Any CPU
		{EE7CA59D-0A46-4E08-B4FC-297821046B42}.Debug|Any CPU.ActiveCfg = Debug|Any CPU
		{EE7CA59D-0A46-4E08-B4FC-297821046B42}.Debug|Any CPU.Build.0 = Debug|Any CPU
		{EE7CA59D-0A46-4E08-B4FC-297821046B42}.Release|Any CPU.ActiveCfg = Release|Any CPU
		{EE7CA59D-0A46-4E08-B4FC-297821046B42}.Release|Any CPU.Build.0 = Release|Any CPU
		{DE247FBB-A056-4EFA-B35D-2E2D39CC6E10}.Debug|Any CPU.ActiveCfg = Debug|Any CPU
		{DE247FBB-A056-4EFA-B35D-2E2D39CC6E10}.Debug|Any CPU.Build.0 = Debug|Any CPU
		{DE247FBB-A056-4EFA-B35D-2E2D39CC6E10}.Release|Any CPU.ActiveCfg = Release|Any CPU
		{DE247FBB-A056-4EFA-B35D-2E2D39CC6E10}.Release|Any CPU.Build.0 = Release|Any CPU
	EndGlobalSection
	GlobalSection(SolutionProperties) = preSolution
		HideSolutionNode = FALSE
	EndGlobalSection
	GlobalSection(ExtensibilityGlobals) = postSolution
		SolutionGuid = {ADA8C62D-2DA2-422F-BEBD-979A8EF4A0A8}
	EndGlobalSection
EndGlobal
